// !$*UTF8*$!
{
	archiveVersion = 1;
	classes = {
	};
	objectVersion = 52;
	objects = {

/* Begin PBXBuildFile section */
		3404DCCB24EC63AF00D34ACA /* ItemPlaceholderImage.swift in Sources */ = {isa = PBXBuildFile; fileRef = 3404DCCA24EC63AF00D34ACA /* ItemPlaceholderImage.swift */; };
		340D031424CB302B000A128C /* ItemType.swift in Sources */ = {isa = PBXBuildFile; fileRef = 340D031324CB302B000A128C /* ItemType.swift */; };
		340D031624CB305F000A128C /* ItemInterface.swift in Sources */ = {isa = PBXBuildFile; fileRef = 340D031524CB305F000A128C /* ItemInterface.swift */; };
		340D031824CB3077000A128C /* JobItem.swift in Sources */ = {isa = PBXBuildFile; fileRef = 340D031724CB3077000A128C /* JobItem.swift */; };
		340D031A24CB308B000A128C /* StoryItem.swift in Sources */ = {isa = PBXBuildFile; fileRef = 340D031924CB308B000A128C /* StoryItem.swift */; };
		340D031C24CB30A5000A128C /* CommentItem.swift in Sources */ = {isa = PBXBuildFile; fileRef = 340D031B24CB30A5000A128C /* CommentItem.swift */; };
		340D031E24CB30B5000A128C /* PollItem.swift in Sources */ = {isa = PBXBuildFile; fileRef = 340D031D24CB30B5000A128C /* PollItem.swift */; };
		340D032024CB30CB000A128C /* PollOptionItem.swift in Sources */ = {isa = PBXBuildFile; fileRef = 340D031F24CB30CB000A128C /* PollOptionItem.swift */; };
		340D032224CB30E4000A128C /* Item.swift in Sources */ = {isa = PBXBuildFile; fileRef = 340D032124CB30E4000A128C /* Item.swift */; };
		340D032624CB3175000A128C /* ItemView.swift in Sources */ = {isa = PBXBuildFile; fileRef = 340D032524CB3175000A128C /* ItemView.swift */; };
		340D032824CB317E000A128C /* ItemViewModel.swift in Sources */ = {isa = PBXBuildFile; fileRef = 340D032724CB317E000A128C /* ItemViewModel.swift */; };
		3412742C24C8F6A90049824D /* URLSession+Transport.swift in Sources */ = {isa = PBXBuildFile; fileRef = 3412742B24C8F6A90049824D /* URLSession+Transport.swift */; };
		3412742F24C8FC6F0049824D /* HomeViewModel.swift in Sources */ = {isa = PBXBuildFile; fileRef = 3412742E24C8FC6F0049824D /* HomeViewModel.swift */; };
		3412743124C8FD180049824D /* SegmentViewModel.swift in Sources */ = {isa = PBXBuildFile; fileRef = 3412743024C8FD180049824D /* SegmentViewModel.swift */; };
		34144B2B24C751E50056ABF6 /* HackerNewsApp.swift in Sources */ = {isa = PBXBuildFile; fileRef = 34144B2A24C751E50056ABF6 /* HackerNewsApp.swift */; };
		34144B2D24C751E50056ABF6 /* HomeView.swift in Sources */ = {isa = PBXBuildFile; fileRef = 34144B2C24C751E50056ABF6 /* HomeView.swift */; };
		34144B2F24C751E60056ABF6 /* Assets.xcassets in Resources */ = {isa = PBXBuildFile; fileRef = 34144B2E24C751E60056ABF6 /* Assets.xcassets */; };
		34144B3224C751E60056ABF6 /* Preview Assets.xcassets in Resources */ = {isa = PBXBuildFile; fileRef = 34144B3124C751E60056ABF6 /* Preview Assets.xcassets */; };
		34144B3D24C751E60056ABF6 /* HackerNewsTests.swift in Sources */ = {isa = PBXBuildFile; fileRef = 34144B3C24C751E60056ABF6 /* HackerNewsTests.swift */; };
		34144B4824C751E60056ABF6 /* HackerNewsUITests.swift in Sources */ = {isa = PBXBuildFile; fileRef = 34144B4724C751E60056ABF6 /* HackerNewsUITests.swift */; };
		34144B6024C752ED0056ABF6 /* HTTPRequestMethod.swift in Sources */ = {isa = PBXBuildFile; fileRef = 34144B5F24C752ED0056ABF6 /* HTTPRequestMethod.swift */; };
		34144B6224C753080056ABF6 /* Path.swift in Sources */ = {isa = PBXBuildFile; fileRef = 34144B6124C753080056ABF6 /* Path.swift */; };
		34144B6524C757340056ABF6 /* String+utility.swift in Sources */ = {isa = PBXBuildFile; fileRef = 34144B6424C757340056ABF6 /* String+utility.swift */; };
		34144B6724C7579A0056ABF6 /* Reponse.swift in Sources */ = {isa = PBXBuildFile; fileRef = 34144B6624C7579A0056ABF6 /* Reponse.swift */; };
		34144B6924C757C10056ABF6 /* URLRequest+Init.swift in Sources */ = {isa = PBXBuildFile; fileRef = 34144B6824C757C10056ABF6 /* URLRequest+Init.swift */; };
		34144B6B24C758130056ABF6 /* Transport.swift in Sources */ = {isa = PBXBuildFile; fileRef = 34144B6A24C758130056ABF6 /* Transport.swift */; };
		34144B6E24C7583F0056ABF6 /* NetworkError.swift in Sources */ = {isa = PBXBuildFile; fileRef = 34144B6D24C7583F0056ABF6 /* NetworkError.swift */; };
		34144B7124C758C40056ABF6 /* StatusCodeCheckingTransport.swift in Sources */ = {isa = PBXBuildFile; fileRef = 34144B7024C758C40056ABF6 /* StatusCodeCheckingTransport.swift */; };
		342A278E24EF2E0100597E95 /* TagTypes.swift in Sources */ = {isa = PBXBuildFile; fileRef = 342A278D24EF2E0100597E95 /* TagTypes.swift */; };
		3434206424EED8F300905CC5 /* ErrorView.swift in Sources */ = {isa = PBXBuildFile; fileRef = 3434206324EED8F300905CC5 /* ErrorView.swift */; };
		3434206724EEDCB000905CC5 /* ViewState.swift in Sources */ = {isa = PBXBuildFile; fileRef = 3434206624EEDCB000905CC5 /* ViewState.swift */; };
		3434206924EEDDDC00905CC5 /* ItemListView.swift in Sources */ = {isa = PBXBuildFile; fileRef = 3434206824EEDDDC00905CC5 /* ItemListView.swift */; };
		3434206B24EEE26100905CC5 /* ItemImageView.swift in Sources */ = {isa = PBXBuildFile; fileRef = 3434206A24EEE26100905CC5 /* ItemImageView.swift */; };
		3434206D24EEEA6F00905CC5 /* ItemDetailView.swift in Sources */ = {isa = PBXBuildFile; fileRef = 3434206C24EEEA6F00905CC5 /* ItemDetailView.swift */; };
		3434206F24EEEEDE00905CC5 /* ItemReloadView.swift in Sources */ = {isa = PBXBuildFile; fileRef = 3434206E24EEEEDE00905CC5 /* ItemReloadView.swift */; };
		34345A932500540A008B4217 /* WebViewStateModel.swift in Sources */ = {isa = PBXBuildFile; fileRef = 34345A922500540A008B4217 /* WebViewStateModel.swift */; };
		3434C37924D850AB000A664D /* PlaceholderImageLoader.swift in Sources */ = {isa = PBXBuildFile; fileRef = 3434C37824D850AB000A664D /* PlaceholderImageLoader.swift */; };
		3442C7832502AF15008FAC3C /* Menu.swift in Sources */ = {isa = PBXBuildFile; fileRef = 3442C7822502AF15008FAC3C /* Menu.swift */; };
		3442C7862502B358008FAC3C /* Loader.swift in Sources */ = {isa = PBXBuildFile; fileRef = 3442C7852502B358008FAC3C /* Loader.swift */; };
		3450C9C824C99BA3004AABB3 /* Segment.swift in Sources */ = {isa = PBXBuildFile; fileRef = 3450C9C724C99BA3004AABB3 /* Segment.swift */; };
		3455E86524D5D81F00BF46C9 /* ImageCache.swift in Sources */ = {isa = PBXBuildFile; fileRef = 3455E86424D5D81F00BF46C9 /* ImageCache.swift */; };
		345750F924F5C388009718C1 /* StoryView.swift in Sources */ = {isa = PBXBuildFile; fileRef = 345750F824F5C388009718C1 /* StoryView.swift */; };
		345750FB24F5C5DF009718C1 /* StoryViewModel.swift in Sources */ = {isa = PBXBuildFile; fileRef = 345750FA24F5C5DF009718C1 /* StoryViewModel.swift */; };
		3457DB0624D334F6009D616F /* ImageError.swift in Sources */ = {isa = PBXBuildFile; fileRef = 3457DB0524D334F6009D616F /* ImageError.swift */; };
		345A0ECB24DB6B0000AA695C /* SwiftSoup in Frameworks */ = {isa = PBXBuildFile; productRef = 345A0ECA24DB6B0000AA695C /* SwiftSoup */; };
		3463DA6E2501A10200C3F25C /* BurgerButton.swift in Sources */ = {isa = PBXBuildFile; fileRef = 3463DA6D2501A10200C3F25C /* BurgerButton.swift */; };
		3463DA712501A4FF00C3F25C /* MenuButton.swift in Sources */ = {isa = PBXBuildFile; fileRef = 3463DA702501A4FF00C3F25C /* MenuButton.swift */; };
		34748FF624D1EA330053BB22 /* ImageRepository.swift in Sources */ = {isa = PBXBuildFile; fileRef = 34748FF524D1EA330053BB22 /* ImageRepository.swift */; };
		34871629250157FB0005B6E7 /* Snap in Frameworks */ = {isa = PBXBuildFile; productRef = 34871628250157FB0005B6E7 /* Snap */; };
		349633EB24C8A70D0047CE77 /* View+utility.swift in Sources */ = {isa = PBXBuildFile; fileRef = 349633EA24C8A70D0047CE77 /* View+utility.swift */; };
		349633EE24C8B1690047CE77 /* ActiveSegmentView.swift in Sources */ = {isa = PBXBuildFile; fileRef = 349633ED24C8B1690047CE77 /* ActiveSegmentView.swift */; };
		349633F124C8B2340047CE77 /* SizePreferenceKey.swift in Sources */ = {isa = PBXBuildFile; fileRef = 349633F024C8B2340047CE77 /* SizePreferenceKey.swift */; };
		349633F324C8B2560047CE77 /* BackgroundGeometryReader.swift in Sources */ = {isa = PBXBuildFile; fileRef = 349633F224C8B2560047CE77 /* BackgroundGeometryReader.swift */; };
		349633F524C8B26A0047CE77 /* SizeAwareModifier.swift in Sources */ = {isa = PBXBuildFile; fileRef = 349633F424C8B26A0047CE77 /* SizeAwareModifier.swift */; };
		34A7A56E24CF43B300F9D761 /* Cache.swift in Sources */ = {isa = PBXBuildFile; fileRef = 34A7A56D24CF43B300F9D761 /* Cache.swift */; };
		34AE837A24C75FA400BE8049 /* CustomSegmentedControl.swift in Sources */ = {isa = PBXBuildFile; fileRef = 34AE837924C75FA400BE8049 /* CustomSegmentedControl.swift */; };
		34B57BB724D0AAEC00BF40EB /* ItemTitle.swift in Sources */ = {isa = PBXBuildFile; fileRef = 34B57BB624D0AAEC00BF40EB /* ItemTitle.swift */; };
		34B57BB924D0AB0700BF40EB /* ItemMetadata.swift in Sources */ = {isa = PBXBuildFile; fileRef = 34B57BB824D0AB0700BF40EB /* ItemMetadata.swift */; };
		34BF61C724CF476900236C65 /* ItemRepository.swift in Sources */ = {isa = PBXBuildFile; fileRef = 34BF61C624CF476900236C65 /* ItemRepository.swift */; };
		34BF61C924CF47A700236C65 /* ItemCache.swift in Sources */ = {isa = PBXBuildFile; fileRef = 34BF61C824CF47A700236C65 /* ItemCache.swift */; };
		34BF61D024CF4EA000236C65 /* story.json in Resources */ = {isa = PBXBuildFile; fileRef = 34BF61CF24CF4EA000236C65 /* story.json */; };
		34D1374524C8D42B002CA0EC /* SegmentedControl.swift in Sources */ = {isa = PBXBuildFile; fileRef = 34D1374424C8D42B002CA0EC /* SegmentedControl.swift */; };
		34D1374924C8D703002CA0EC /* SegmentView.swift in Sources */ = {isa = PBXBuildFile; fileRef = 34D1374824C8D703002CA0EC /* SegmentView.swift */; };
		34EC2E3024F65F7700167A07 /* WebView.swift in Sources */ = {isa = PBXBuildFile; fileRef = 34EC2E2F24F65F7700167A07 /* WebView.swift */; };
		34F354AF24CB3B720090EC9C /* Repository.swift in Sources */ = {isa = PBXBuildFile; fileRef = 34F354AE24CB3B720090EC9C /* Repository.swift */; };
/* End PBXBuildFile section */

/* Begin PBXContainerItemProxy section */
		34144B3924C751E60056ABF6 /* PBXContainerItemProxy */ = {
			isa = PBXContainerItemProxy;
			containerPortal = 34144B1F24C751E50056ABF6 /* Project object */;
			proxyType = 1;
			remoteGlobalIDString = 34144B2624C751E50056ABF6;
			remoteInfo = HackerNews;
		};
		34144B4424C751E60056ABF6 /* PBXContainerItemProxy */ = {
			isa = PBXContainerItemProxy;
			containerPortal = 34144B1F24C751E50056ABF6 /* Project object */;
			proxyType = 1;
			remoteGlobalIDString = 34144B2624C751E50056ABF6;
			remoteInfo = HackerNews;
		};
/* End PBXContainerItemProxy section */

/* Begin PBXFileReference section */
		3404DCCA24EC63AF00D34ACA /* ItemPlaceholderImage.swift */ = {isa = PBXFileReference; lastKnownFileType = sourcecode.swift; path = ItemPlaceholderImage.swift; sourceTree = "<group>"; };
		340D031324CB302B000A128C /* ItemType.swift */ = {isa = PBXFileReference; lastKnownFileType = sourcecode.swift; path = ItemType.swift; sourceTree = "<group>"; };
		340D031524CB305F000A128C /* ItemInterface.swift */ = {isa = PBXFileReference; lastKnownFileType = sourcecode.swift; path = ItemInterface.swift; sourceTree = "<group>"; };
		340D031724CB3077000A128C /* JobItem.swift */ = {isa = PBXFileReference; lastKnownFileType = sourcecode.swift; path = JobItem.swift; sourceTree = "<group>"; };
		340D031924CB308B000A128C /* StoryItem.swift */ = {isa = PBXFileReference; lastKnownFileType = sourcecode.swift; path = StoryItem.swift; sourceTree = "<group>"; };
		340D031B24CB30A5000A128C /* CommentItem.swift */ = {isa = PBXFileReference; lastKnownFileType = sourcecode.swift; path = CommentItem.swift; sourceTree = "<group>"; };
		340D031D24CB30B5000A128C /* PollItem.swift */ = {isa = PBXFileReference; lastKnownFileType = sourcecode.swift; path = PollItem.swift; sourceTree = "<group>"; };
		340D031F24CB30CB000A128C /* PollOptionItem.swift */ = {isa = PBXFileReference; lastKnownFileType = sourcecode.swift; path = PollOptionItem.swift; sourceTree = "<group>"; };
		340D032124CB30E4000A128C /* Item.swift */ = {isa = PBXFileReference; lastKnownFileType = sourcecode.swift; path = Item.swift; sourceTree = "<group>"; };
		340D032524CB3175000A128C /* ItemView.swift */ = {isa = PBXFileReference; lastKnownFileType = sourcecode.swift; path = ItemView.swift; sourceTree = "<group>"; };
		340D032724CB317E000A128C /* ItemViewModel.swift */ = {isa = PBXFileReference; lastKnownFileType = sourcecode.swift; path = ItemViewModel.swift; sourceTree = "<group>"; };
		3412742B24C8F6A90049824D /* URLSession+Transport.swift */ = {isa = PBXFileReference; lastKnownFileType = sourcecode.swift; path = "URLSession+Transport.swift"; sourceTree = "<group>"; };
		3412742E24C8FC6F0049824D /* HomeViewModel.swift */ = {isa = PBXFileReference; lastKnownFileType = sourcecode.swift; path = HomeViewModel.swift; sourceTree = "<group>"; };
		3412743024C8FD180049824D /* SegmentViewModel.swift */ = {isa = PBXFileReference; lastKnownFileType = sourcecode.swift; path = SegmentViewModel.swift; sourceTree = "<group>"; };
		34144B2724C751E50056ABF6 /* HackerNews.app */ = {isa = PBXFileReference; explicitFileType = wrapper.application; includeInIndex = 0; path = HackerNews.app; sourceTree = BUILT_PRODUCTS_DIR; };
		34144B2A24C751E50056ABF6 /* HackerNewsApp.swift */ = {isa = PBXFileReference; lastKnownFileType = sourcecode.swift; path = HackerNewsApp.swift; sourceTree = "<group>"; };
		34144B2C24C751E50056ABF6 /* HomeView.swift */ = {isa = PBXFileReference; lastKnownFileType = sourcecode.swift; path = HomeView.swift; sourceTree = "<group>"; };
		34144B2E24C751E60056ABF6 /* Assets.xcassets */ = {isa = PBXFileReference; lastKnownFileType = folder.assetcatalog; path = Assets.xcassets; sourceTree = "<group>"; };
		34144B3124C751E60056ABF6 /* Preview Assets.xcassets */ = {isa = PBXFileReference; lastKnownFileType = folder.assetcatalog; path = "Preview Assets.xcassets"; sourceTree = "<group>"; };
		34144B3324C751E60056ABF6 /* Info.plist */ = {isa = PBXFileReference; lastKnownFileType = text.plist.xml; path = Info.plist; sourceTree = "<group>"; };
		34144B3824C751E60056ABF6 /* HackerNewsTests.xctest */ = {isa = PBXFileReference; explicitFileType = wrapper.cfbundle; includeInIndex = 0; path = HackerNewsTests.xctest; sourceTree = BUILT_PRODUCTS_DIR; };
		34144B3C24C751E60056ABF6 /* HackerNewsTests.swift */ = {isa = PBXFileReference; lastKnownFileType = sourcecode.swift; path = HackerNewsTests.swift; sourceTree = "<group>"; };
		34144B3E24C751E60056ABF6 /* Info.plist */ = {isa = PBXFileReference; lastKnownFileType = text.plist.xml; path = Info.plist; sourceTree = "<group>"; };
		34144B4324C751E60056ABF6 /* HackerNewsUITests.xctest */ = {isa = PBXFileReference; explicitFileType = wrapper.cfbundle; includeInIndex = 0; path = HackerNewsUITests.xctest; sourceTree = BUILT_PRODUCTS_DIR; };
		34144B4724C751E60056ABF6 /* HackerNewsUITests.swift */ = {isa = PBXFileReference; lastKnownFileType = sourcecode.swift; path = HackerNewsUITests.swift; sourceTree = "<group>"; };
		34144B4924C751E60056ABF6 /* Info.plist */ = {isa = PBXFileReference; lastKnownFileType = text.plist.xml; path = Info.plist; sourceTree = "<group>"; };
		34144B5F24C752ED0056ABF6 /* HTTPRequestMethod.swift */ = {isa = PBXFileReference; lastKnownFileType = sourcecode.swift; path = HTTPRequestMethod.swift; sourceTree = "<group>"; };
		34144B6124C753080056ABF6 /* Path.swift */ = {isa = PBXFileReference; lastKnownFileType = sourcecode.swift; path = Path.swift; sourceTree = "<group>"; };
		34144B6424C757340056ABF6 /* String+utility.swift */ = {isa = PBXFileReference; lastKnownFileType = sourcecode.swift; path = "String+utility.swift"; sourceTree = "<group>"; };
		34144B6624C7579A0056ABF6 /* Reponse.swift */ = {isa = PBXFileReference; lastKnownFileType = sourcecode.swift; path = Reponse.swift; sourceTree = "<group>"; };
		34144B6824C757C10056ABF6 /* URLRequest+Init.swift */ = {isa = PBXFileReference; lastKnownFileType = sourcecode.swift; path = "URLRequest+Init.swift"; sourceTree = "<group>"; };
		34144B6A24C758130056ABF6 /* Transport.swift */ = {isa = PBXFileReference; lastKnownFileType = sourcecode.swift; path = Transport.swift; sourceTree = "<group>"; };
		34144B6D24C7583F0056ABF6 /* NetworkError.swift */ = {isa = PBXFileReference; lastKnownFileType = sourcecode.swift; path = NetworkError.swift; sourceTree = "<group>"; };
		34144B7024C758C40056ABF6 /* StatusCodeCheckingTransport.swift */ = {isa = PBXFileReference; lastKnownFileType = sourcecode.swift; path = StatusCodeCheckingTransport.swift; sourceTree = "<group>"; };
		342A278D24EF2E0100597E95 /* TagTypes.swift */ = {isa = PBXFileReference; lastKnownFileType = sourcecode.swift; path = TagTypes.swift; sourceTree = "<group>"; };
		3434206324EED8F300905CC5 /* ErrorView.swift */ = {isa = PBXFileReference; lastKnownFileType = sourcecode.swift; path = ErrorView.swift; sourceTree = "<group>"; };
		3434206624EEDCB000905CC5 /* ViewState.swift */ = {isa = PBXFileReference; lastKnownFileType = sourcecode.swift; path = ViewState.swift; sourceTree = "<group>"; };
		3434206824EEDDDC00905CC5 /* ItemListView.swift */ = {isa = PBXFileReference; lastKnownFileType = sourcecode.swift; path = ItemListView.swift; sourceTree = "<group>"; };
		3434206A24EEE26100905CC5 /* ItemImageView.swift */ = {isa = PBXFileReference; lastKnownFileType = sourcecode.swift; path = ItemImageView.swift; sourceTree = "<group>"; };
		3434206C24EEEA6F00905CC5 /* ItemDetailView.swift */ = {isa = PBXFileReference; lastKnownFileType = sourcecode.swift; path = ItemDetailView.swift; sourceTree = "<group>"; };
		3434206E24EEEEDE00905CC5 /* ItemReloadView.swift */ = {isa = PBXFileReference; lastKnownFileType = sourcecode.swift; path = ItemReloadView.swift; sourceTree = "<group>"; };
		34345A922500540A008B4217 /* WebViewStateModel.swift */ = {isa = PBXFileReference; lastKnownFileType = sourcecode.swift; path = WebViewStateModel.swift; sourceTree = "<group>"; };
		3434C37824D850AB000A664D /* PlaceholderImageLoader.swift */ = {isa = PBXFileReference; lastKnownFileType = sourcecode.swift; path = PlaceholderImageLoader.swift; sourceTree = "<group>"; };
		3442C7822502AF15008FAC3C /* Menu.swift */ = {isa = PBXFileReference; lastKnownFileType = sourcecode.swift; path = Menu.swift; sourceTree = "<group>"; };
		3442C7852502B358008FAC3C /* Loader.swift */ = {isa = PBXFileReference; lastKnownFileType = sourcecode.swift; path = Loader.swift; sourceTree = "<group>"; };
		3450C9C724C99BA3004AABB3 /* Segment.swift */ = {isa = PBXFileReference; lastKnownFileType = sourcecode.swift; path = Segment.swift; sourceTree = "<group>"; };
		3455E86424D5D81F00BF46C9 /* ImageCache.swift */ = {isa = PBXFileReference; lastKnownFileType = sourcecode.swift; path = ImageCache.swift; sourceTree = "<group>"; };
		345750F824F5C388009718C1 /* StoryView.swift */ = {isa = PBXFileReference; lastKnownFileType = sourcecode.swift; path = StoryView.swift; sourceTree = "<group>"; };
		345750FA24F5C5DF009718C1 /* StoryViewModel.swift */ = {isa = PBXFileReference; lastKnownFileType = sourcecode.swift; path = StoryViewModel.swift; sourceTree = "<group>"; };
		3457DB0524D334F6009D616F /* ImageError.swift */ = {isa = PBXFileReference; lastKnownFileType = sourcecode.swift; path = ImageError.swift; sourceTree = "<group>"; };
		3463DA6D2501A10200C3F25C /* BurgerButton.swift */ = {isa = PBXFileReference; lastKnownFileType = sourcecode.swift; path = BurgerButton.swift; sourceTree = "<group>"; };
		3463DA702501A4FF00C3F25C /* MenuButton.swift */ = {isa = PBXFileReference; lastKnownFileType = sourcecode.swift; path = MenuButton.swift; sourceTree = "<group>"; };
		34748FF524D1EA330053BB22 /* ImageRepository.swift */ = {isa = PBXFileReference; lastKnownFileType = sourcecode.swift; path = ImageRepository.swift; sourceTree = "<group>"; };
		349633EA24C8A70D0047CE77 /* View+utility.swift */ = {isa = PBXFileReference; lastKnownFileType = sourcecode.swift; path = "View+utility.swift"; sourceTree = "<group>"; };
		349633ED24C8B1690047CE77 /* ActiveSegmentView.swift */ = {isa = PBXFileReference; lastKnownFileType = sourcecode.swift; path = ActiveSegmentView.swift; sourceTree = "<group>"; };
		349633F024C8B2340047CE77 /* SizePreferenceKey.swift */ = {isa = PBXFileReference; lastKnownFileType = sourcecode.swift; path = SizePreferenceKey.swift; sourceTree = "<group>"; };
		349633F224C8B2560047CE77 /* BackgroundGeometryReader.swift */ = {isa = PBXFileReference; lastKnownFileType = sourcecode.swift; path = BackgroundGeometryReader.swift; sourceTree = "<group>"; };
		349633F424C8B26A0047CE77 /* SizeAwareModifier.swift */ = {isa = PBXFileReference; lastKnownFileType = sourcecode.swift; path = SizeAwareModifier.swift; sourceTree = "<group>"; };
		34A7A56D24CF43B300F9D761 /* Cache.swift */ = {isa = PBXFileReference; lastKnownFileType = sourcecode.swift; path = Cache.swift; sourceTree = "<group>"; };
		34AE837924C75FA400BE8049 /* CustomSegmentedControl.swift */ = {isa = PBXFileReference; fileEncoding = 4; lastKnownFileType = sourcecode.swift; path = CustomSegmentedControl.swift; sourceTree = "<group>"; };
		34B57BB624D0AAEC00BF40EB /* ItemTitle.swift */ = {isa = PBXFileReference; lastKnownFileType = sourcecode.swift; path = ItemTitle.swift; sourceTree = "<group>"; };
		34B57BB824D0AB0700BF40EB /* ItemMetadata.swift */ = {isa = PBXFileReference; lastKnownFileType = sourcecode.swift; path = ItemMetadata.swift; sourceTree = "<group>"; };
		34BF61C624CF476900236C65 /* ItemRepository.swift */ = {isa = PBXFileReference; lastKnownFileType = sourcecode.swift; path = ItemRepository.swift; sourceTree = "<group>"; };
		34BF61C824CF47A700236C65 /* ItemCache.swift */ = {isa = PBXFileReference; lastKnownFileType = sourcecode.swift; path = ItemCache.swift; sourceTree = "<group>"; };
		34BF61CF24CF4EA000236C65 /* story.json */ = {isa = PBXFileReference; lastKnownFileType = text.json; path = story.json; sourceTree = "<group>"; };
		34D1374424C8D42B002CA0EC /* SegmentedControl.swift */ = {isa = PBXFileReference; lastKnownFileType = sourcecode.swift; path = SegmentedControl.swift; sourceTree = "<group>"; };
		34D1374824C8D703002CA0EC /* SegmentView.swift */ = {isa = PBXFileReference; lastKnownFileType = sourcecode.swift; path = SegmentView.swift; sourceTree = "<group>"; };
		34EC2E2F24F65F7700167A07 /* WebView.swift */ = {isa = PBXFileReference; lastKnownFileType = sourcecode.swift; path = WebView.swift; sourceTree = "<group>"; };
		34F354AE24CB3B720090EC9C /* Repository.swift */ = {isa = PBXFileReference; lastKnownFileType = sourcecode.swift; path = Repository.swift; sourceTree = "<group>"; };
/* End PBXFileReference section */

/* Begin PBXFrameworksBuildPhase section */
		34144B2424C751E50056ABF6 /* Frameworks */ = {
			isa = PBXFrameworksBuildPhase;
			buildActionMask = 2147483647;
			files = (
				34871629250157FB0005B6E7 /* Snap in Frameworks */,
				345A0ECB24DB6B0000AA695C /* SwiftSoup in Frameworks */,
			);
			runOnlyForDeploymentPostprocessing = 0;
		};
		34144B3524C751E60056ABF6 /* Frameworks */ = {
			isa = PBXFrameworksBuildPhase;
			buildActionMask = 2147483647;
			files = (
			);
			runOnlyForDeploymentPostprocessing = 0;
		};
		34144B4024C751E60056ABF6 /* Frameworks */ = {
			isa = PBXFrameworksBuildPhase;
			buildActionMask = 2147483647;
			files = (
			);
			runOnlyForDeploymentPostprocessing = 0;
		};
/* End PBXFrameworksBuildPhase section */

/* Begin PBXGroup section */
		340D032324CB3101000A128C /* Item Implementations */ = {
			isa = PBXGroup;
			children = (
				340D031724CB3077000A128C /* JobItem.swift */,
				340D031924CB308B000A128C /* StoryItem.swift */,
				340D031B24CB30A5000A128C /* CommentItem.swift */,
				340D031D24CB30B5000A128C /* PollItem.swift */,
				340D031F24CB30CB000A128C /* PollOptionItem.swift */,
			);
			path = "Item Implementations";
			sourceTree = "<group>";
		};
		340D032424CB3169000A128C /* Item */ = {
			isa = PBXGroup;
			children = (
				34B57BB524D0AAE000BF40EB /* Subviews */,
				340D032524CB3175000A128C /* ItemView.swift */,
				340D032724CB317E000A128C /* ItemViewModel.swift */,
			);
			path = Item;
			sourceTree = "<group>";
		};
		3412742824C8F2D10049824D /* Models */ = {
			isa = PBXGroup;
			children = (
				3450C9C724C99BA3004AABB3 /* Segment.swift */,
				340D031324CB302B000A128C /* ItemType.swift */,
				340D032124CB30E4000A128C /* Item.swift */,
				340D031524CB305F000A128C /* ItemInterface.swift */,
				340D032324CB3101000A128C /* Item Implementations */,
			);
			path = Models;
			sourceTree = "<group>";
		};
		3412742D24C8FC630049824D /* Home */ = {
			isa = PBXGroup;
			children = (
				34144B2C24C751E50056ABF6 /* HomeView.swift */,
				3412742E24C8FC6F0049824D /* HomeViewModel.swift */,
				3412743224C8FD590049824D /* Views */,
			);
			path = Home;
			sourceTree = "<group>";
		};
		3412743224C8FD590049824D /* Views */ = {
			isa = PBXGroup;
			children = (
				34D1374424C8D42B002CA0EC /* SegmentedControl.swift */,
			);
			path = Views;
			sourceTree = "<group>";
		};
		34144B1E24C751E50056ABF6 = {
			isa = PBXGroup;
			children = (
				34144B2924C751E50056ABF6 /* HackerNews */,
				34144B3B24C751E60056ABF6 /* HackerNewsTests */,
				34144B4624C751E60056ABF6 /* HackerNewsUITests */,
				34144B2824C751E50056ABF6 /* Products */,
			);
			sourceTree = "<group>";
		};
		34144B2824C751E50056ABF6 /* Products */ = {
			isa = PBXGroup;
			children = (
				34144B2724C751E50056ABF6 /* HackerNews.app */,
				34144B3824C751E60056ABF6 /* HackerNewsTests.xctest */,
				34144B4324C751E60056ABF6 /* HackerNewsUITests.xctest */,
			);
			name = Products;
			sourceTree = "<group>";
		};
		34144B2924C751E50056ABF6 /* HackerNews */ = {
			isa = PBXGroup;
			children = (
				34144B5724C752460056ABF6 /* App */,
				34144B6C24C7582D0056ABF6 /* Errors */,
				34144B6324C757200056ABF6 /* Extensions */,
				3412742824C8F2D10049824D /* Models */,
				34144B5824C752520056ABF6 /* Modules */,
				34144B5924C7528D0056ABF6 /* Network */,
				34144B3024C751E60056ABF6 /* Preview Content */,
				3434C37724D8509B000A664D /* Services */,
				34144B5624C7521A0056ABF6 /* Supporting Files */,
				3434206524EEDC9F00905CC5 /* Utility */,
			);
			path = HackerNews;
			sourceTree = "<group>";
		};
		34144B3024C751E60056ABF6 /* Preview Content */ = {
			isa = PBXGroup;
			children = (
				34144B3124C751E60056ABF6 /* Preview Assets.xcassets */,
			);
			path = "Preview Content";
			sourceTree = "<group>";
		};
		34144B3B24C751E60056ABF6 /* HackerNewsTests */ = {
			isa = PBXGroup;
			children = (
				34144B3C24C751E60056ABF6 /* HackerNewsTests.swift */,
				34144B3E24C751E60056ABF6 /* Info.plist */,
			);
			path = HackerNewsTests;
			sourceTree = "<group>";
		};
		34144B4624C751E60056ABF6 /* HackerNewsUITests */ = {
			isa = PBXGroup;
			children = (
				34144B4724C751E60056ABF6 /* HackerNewsUITests.swift */,
				34144B4924C751E60056ABF6 /* Info.plist */,
			);
			path = HackerNewsUITests;
			sourceTree = "<group>";
		};
		34144B5624C7521A0056ABF6 /* Supporting Files */ = {
			isa = PBXGroup;
			children = (
				34BF61CE24CF4E8D00236C65 /* Mock Responses */,
				34144B2E24C751E60056ABF6 /* Assets.xcassets */,
				34144B3324C751E60056ABF6 /* Info.plist */,
			);
			path = "Supporting Files";
			sourceTree = "<group>";
		};
		34144B5724C752460056ABF6 /* App */ = {
			isa = PBXGroup;
			children = (
				34144B2A24C751E50056ABF6 /* HackerNewsApp.swift */,
			);
			path = App;
			sourceTree = "<group>";
		};
		34144B5824C752520056ABF6 /* Modules */ = {
			isa = PBXGroup;
			children = (
				348B756A24C768A300936B63 /* Home */,
			);
			path = Modules;
			sourceTree = "<group>";
		};
		34144B5924C7528D0056ABF6 /* Network */ = {
			isa = PBXGroup;
			children = (
				34F354AD24CB3B630090EC9C /* Repository & Cache */,
				34144B5A24C752A10056ABF6 /* Extensions */,
				34144B5B24C752A70056ABF6 /* HTTP Request Method */,
				34144B5C24C752B50056ABF6 /* Paths */,
				34144B5D24C752BA0056ABF6 /* Response */,
				34144B5E24C752C10056ABF6 /* Transport */,
			);
			path = Network;
			sourceTree = "<group>";
		};
		34144B5A24C752A10056ABF6 /* Extensions */ = {
			isa = PBXGroup;
			children = (
				34144B6824C757C10056ABF6 /* URLRequest+Init.swift */,
				3412742B24C8F6A90049824D /* URLSession+Transport.swift */,
			);
			path = Extensions;
			sourceTree = "<group>";
		};
		34144B5B24C752A70056ABF6 /* HTTP Request Method */ = {
			isa = PBXGroup;
			children = (
				34144B5F24C752ED0056ABF6 /* HTTPRequestMethod.swift */,
			);
			path = "HTTP Request Method";
			sourceTree = "<group>";
		};
		34144B5C24C752B50056ABF6 /* Paths */ = {
			isa = PBXGroup;
			children = (
				34144B6124C753080056ABF6 /* Path.swift */,
			);
			path = Paths;
			sourceTree = "<group>";
		};
		34144B5D24C752BA0056ABF6 /* Response */ = {
			isa = PBXGroup;
			children = (
				34144B6624C7579A0056ABF6 /* Reponse.swift */,
			);
			path = Response;
			sourceTree = "<group>";
		};
		34144B5E24C752C10056ABF6 /* Transport */ = {
			isa = PBXGroup;
			children = (
				34144B6A24C758130056ABF6 /* Transport.swift */,
				34144B6F24C758A80056ABF6 /* Transport Implementations */,
			);
			path = Transport;
			sourceTree = "<group>";
		};
		34144B6324C757200056ABF6 /* Extensions */ = {
			isa = PBXGroup;
			children = (
				34144B6424C757340056ABF6 /* String+utility.swift */,
				349633EA24C8A70D0047CE77 /* View+utility.swift */,
			);
			path = Extensions;
			sourceTree = "<group>";
		};
		34144B6C24C7582D0056ABF6 /* Errors */ = {
			isa = PBXGroup;
			children = (
				34144B6D24C7583F0056ABF6 /* NetworkError.swift */,
				3457DB0524D334F6009D616F /* ImageError.swift */,
			);
			path = Errors;
			sourceTree = "<group>";
		};
		34144B6F24C758A80056ABF6 /* Transport Implementations */ = {
			isa = PBXGroup;
			children = (
				34144B7024C758C40056ABF6 /* StatusCodeCheckingTransport.swift */,
			);
			path = "Transport Implementations";
			sourceTree = "<group>";
		};
		3434206224EED8DA00905CC5 /* Subviews */ = {
			isa = PBXGroup;
			children = (
				340D032424CB3169000A128C /* Item */,
				3434206324EED8F300905CC5 /* ErrorView.swift */,
				3434206824EEDDDC00905CC5 /* ItemListView.swift */,
			);
			path = Subviews;
			sourceTree = "<group>";
		};
		3434206524EEDC9F00905CC5 /* Utility */ = {
			isa = PBXGroup;
			children = (
				3434206624EEDCB000905CC5 /* ViewState.swift */,
				342A278D24EF2E0100597E95 /* TagTypes.swift */,
			);
			path = Utility;
			sourceTree = "<group>";
		};
		3434C37724D8509B000A664D /* Services */ = {
			isa = PBXGroup;
			children = (
				3434C37824D850AB000A664D /* PlaceholderImageLoader.swift */,
			);
			path = Services;
			sourceTree = "<group>";
		};
		3442C7812502AF00008FAC3C /* Menu */ = {
			isa = PBXGroup;
			children = (
				3442C7822502AF15008FAC3C /* Menu.swift */,
				3487162B250158700005B6E7 /* Burger Button */,
				3463DA6F2501A4F300C3F25C /* Menu Button */,
			);
			path = Menu;
			sourceTree = "<group>";
		};
		3442C7842502B350008FAC3C /* Loader */ = {
			isa = PBXGroup;
			children = (
				3442C7852502B358008FAC3C /* Loader.swift */,
			);
			path = Loader;
			sourceTree = "<group>";
		};
		345750F724F5C36F009718C1 /* Story */ = {
			isa = PBXGroup;
			children = (
				34EC2E2E24F65F6900167A07 /* Subviews */,
				345750F824F5C388009718C1 /* StoryView.swift */,
				345750FA24F5C5DF009718C1 /* StoryViewModel.swift */,
			);
			path = Story;
			sourceTree = "<group>";
		};
		3463DA6F2501A4F300C3F25C /* Menu Button */ = {
			isa = PBXGroup;
			children = (
				3463DA702501A4FF00C3F25C /* MenuButton.swift */,
			);
			path = "Menu Button";
			sourceTree = "<group>";
		};
		3487162A2501586A0005B6E7 /* Web View */ = {
			isa = PBXGroup;
			children = (
				34EC2E2F24F65F7700167A07 /* WebView.swift */,
				34345A922500540A008B4217 /* WebViewStateModel.swift */,
			);
			path = "Web View";
			sourceTree = "<group>";
		};
		3487162B250158700005B6E7 /* Burger Button */ = {
			isa = PBXGroup;
			children = (
				3463DA6D2501A10200C3F25C /* BurgerButton.swift */,
			);
			path = "Burger Button";
			sourceTree = "<group>";
		};
		348B756A24C768A300936B63 /* Home */ = {
			isa = PBXGroup;
			children = (
				349633EC24C8B1560047CE77 /* CustomSegmentedControl */,
				3412742D24C8FC630049824D /* Home */,
				34D1374A24C8D8E1002CA0EC /* Segment */,
				345750F724F5C36F009718C1 /* Story */,
			);
			path = Home;
			sourceTree = "<group>";
		};
		349633EC24C8B1560047CE77 /* CustomSegmentedControl */ = {
			isa = PBXGroup;
			children = (
				34AE837924C75FA400BE8049 /* CustomSegmentedControl.swift */,
				349633ED24C8B1690047CE77 /* ActiveSegmentView.swift */,
				349633EF24C8B21B0047CE77 /* Sizing */,
			);
			path = CustomSegmentedControl;
			sourceTree = "<group>";
		};
		349633EF24C8B21B0047CE77 /* Sizing */ = {
			isa = PBXGroup;
			children = (
				349633F024C8B2340047CE77 /* SizePreferenceKey.swift */,
				349633F224C8B2560047CE77 /* BackgroundGeometryReader.swift */,
				349633F424C8B26A0047CE77 /* SizeAwareModifier.swift */,
			);
			path = Sizing;
			sourceTree = "<group>";
		};
		34B57BB524D0AAE000BF40EB /* Subviews */ = {
			isa = PBXGroup;
			children = (
				34B57BB624D0AAEC00BF40EB /* ItemTitle.swift */,
				34B57BB824D0AB0700BF40EB /* ItemMetadata.swift */,
				3404DCCA24EC63AF00D34ACA /* ItemPlaceholderImage.swift */,
				3434206A24EEE26100905CC5 /* ItemImageView.swift */,
				3434206C24EEEA6F00905CC5 /* ItemDetailView.swift */,
				3434206E24EEEEDE00905CC5 /* ItemReloadView.swift */,
			);
			path = Subviews;
			sourceTree = "<group>";
		};
		34BF61C424CF474300236C65 /* Repositories */ = {
			isa = PBXGroup;
			children = (
				34BF61C624CF476900236C65 /* ItemRepository.swift */,
				34748FF524D1EA330053BB22 /* ImageRepository.swift */,
			);
			path = Repositories;
			sourceTree = "<group>";
		};
		34BF61C524CF474A00236C65 /* Caches */ = {
			isa = PBXGroup;
			children = (
				34BF61C824CF47A700236C65 /* ItemCache.swift */,
				3455E86424D5D81F00BF46C9 /* ImageCache.swift */,
			);
			path = Caches;
			sourceTree = "<group>";
		};
		34BF61CE24CF4E8D00236C65 /* Mock Responses */ = {
			isa = PBXGroup;
			children = (
				34BF61CF24CF4EA000236C65 /* story.json */,
			);
			path = "Mock Responses";
			sourceTree = "<group>";
		};
		34D1374A24C8D8E1002CA0EC /* Segment */ = {
			isa = PBXGroup;
			children = (
				3434206224EED8DA00905CC5 /* Subviews */,
				34D1374824C8D703002CA0EC /* SegmentView.swift */,
				3412743024C8FD180049824D /* SegmentViewModel.swift */,
			);
			path = Segment;
			sourceTree = "<group>";
		};
		34EC2E2E24F65F6900167A07 /* Subviews */ = {
			isa = PBXGroup;
			children = (
				3442C7842502B350008FAC3C /* Loader */,
				3442C7812502AF00008FAC3C /* Menu */,
				3487162A2501586A0005B6E7 /* Web View */,
			);
			path = Subviews;
			sourceTree = "<group>";
		};
		34F354AD24CB3B630090EC9C /* Repository & Cache */ = {
			isa = PBXGroup;
			children = (
				34F354AE24CB3B720090EC9C /* Repository.swift */,
				34A7A56D24CF43B300F9D761 /* Cache.swift */,
				34BF61C524CF474A00236C65 /* Caches */,
				34BF61C424CF474300236C65 /* Repositories */,
			);
			path = "Repository & Cache";
			sourceTree = "<group>";
		};
/* End PBXGroup section */

/* Begin PBXNativeTarget section */
		34144B2624C751E50056ABF6 /* HackerNews */ = {
			isa = PBXNativeTarget;
			buildConfigurationList = 34144B4C24C751E60056ABF6 /* Build configuration list for PBXNativeTarget "HackerNews" */;
			buildPhases = (
				34144B2324C751E50056ABF6 /* Sources */,
				34144B2424C751E50056ABF6 /* Frameworks */,
				34144B2524C751E50056ABF6 /* Resources */,
			);
			buildRules = (
			);
			dependencies = (
			);
			name = HackerNews;
			packageProductDependencies = (
				345A0ECA24DB6B0000AA695C /* SwiftSoup */,
				34871628250157FB0005B6E7 /* Snap */,
			);
			productName = HackerNews;
			productReference = 34144B2724C751E50056ABF6 /* HackerNews.app */;
			productType = "com.apple.product-type.application";
		};
		34144B3724C751E60056ABF6 /* HackerNewsTests */ = {
			isa = PBXNativeTarget;
			buildConfigurationList = 34144B4F24C751E60056ABF6 /* Build configuration list for PBXNativeTarget "HackerNewsTests" */;
			buildPhases = (
				34144B3424C751E60056ABF6 /* Sources */,
				34144B3524C751E60056ABF6 /* Frameworks */,
				34144B3624C751E60056ABF6 /* Resources */,
			);
			buildRules = (
			);
			dependencies = (
				34144B3A24C751E60056ABF6 /* PBXTargetDependency */,
			);
			name = HackerNewsTests;
			productName = HackerNewsTests;
			productReference = 34144B3824C751E60056ABF6 /* HackerNewsTests.xctest */;
			productType = "com.apple.product-type.bundle.unit-test";
		};
		34144B4224C751E60056ABF6 /* HackerNewsUITests */ = {
			isa = PBXNativeTarget;
			buildConfigurationList = 34144B5224C751E60056ABF6 /* Build configuration list for PBXNativeTarget "HackerNewsUITests" */;
			buildPhases = (
				34144B3F24C751E60056ABF6 /* Sources */,
				34144B4024C751E60056ABF6 /* Frameworks */,
				34144B4124C751E60056ABF6 /* Resources */,
			);
			buildRules = (
			);
			dependencies = (
				34144B4524C751E60056ABF6 /* PBXTargetDependency */,
			);
			name = HackerNewsUITests;
			productName = HackerNewsUITests;
			productReference = 34144B4324C751E60056ABF6 /* HackerNewsUITests.xctest */;
			productType = "com.apple.product-type.bundle.ui-testing";
		};
/* End PBXNativeTarget section */

/* Begin PBXProject section */
		34144B1F24C751E50056ABF6 /* Project object */ = {
			isa = PBXProject;
			attributes = {
				LastSwiftUpdateCheck = 1200;
				LastUpgradeCheck = 1200;
				TargetAttributes = {
					34144B2624C751E50056ABF6 = {
						CreatedOnToolsVersion = 12.0;
					};
					34144B3724C751E60056ABF6 = {
						CreatedOnToolsVersion = 12.0;
						TestTargetID = 34144B2624C751E50056ABF6;
					};
					34144B4224C751E60056ABF6 = {
						CreatedOnToolsVersion = 12.0;
						TestTargetID = 34144B2624C751E50056ABF6;
					};
				};
			};
			buildConfigurationList = 34144B2224C751E50056ABF6 /* Build configuration list for PBXProject "HackerNews" */;
			compatibilityVersion = "Xcode 9.3";
			developmentRegion = en;
			hasScannedForEncodings = 0;
			knownRegions = (
				en,
				Base,
			);
			mainGroup = 34144B1E24C751E50056ABF6;
			packageReferences = (
				345A0EC924DB6B0000AA695C /* XCRemoteSwiftPackageReference "SwiftSoup" */,
				34871627250157FB0005B6E7 /* XCRemoteSwiftPackageReference "Snap" */,
			);
			productRefGroup = 34144B2824C751E50056ABF6 /* Products */;
			projectDirPath = "";
			projectRoot = "";
			targets = (
				34144B2624C751E50056ABF6 /* HackerNews */,
				34144B3724C751E60056ABF6 /* HackerNewsTests */,
				34144B4224C751E60056ABF6 /* HackerNewsUITests */,
			);
		};
/* End PBXProject section */

/* Begin PBXResourcesBuildPhase section */
		34144B2524C751E50056ABF6 /* Resources */ = {
			isa = PBXResourcesBuildPhase;
			buildActionMask = 2147483647;
			files = (
				34144B3224C751E60056ABF6 /* Preview Assets.xcassets in Resources */,
				34144B2F24C751E60056ABF6 /* Assets.xcassets in Resources */,
				34BF61D024CF4EA000236C65 /* story.json in Resources */,
			);
			runOnlyForDeploymentPostprocessing = 0;
		};
		34144B3624C751E60056ABF6 /* Resources */ = {
			isa = PBXResourcesBuildPhase;
			buildActionMask = 2147483647;
			files = (
			);
			runOnlyForDeploymentPostprocessing = 0;
		};
		34144B4124C751E60056ABF6 /* Resources */ = {
			isa = PBXResourcesBuildPhase;
			buildActionMask = 2147483647;
			files = (
			);
			runOnlyForDeploymentPostprocessing = 0;
		};
/* End PBXResourcesBuildPhase section */

/* Begin PBXSourcesBuildPhase section */
		34144B2324C751E50056ABF6 /* Sources */ = {
			isa = PBXSourcesBuildPhase;
			buildActionMask = 2147483647;
			files = (
				34144B6724C7579A0056ABF6 /* Reponse.swift in Sources */,
				3455E86524D5D81F00BF46C9 /* ImageCache.swift in Sources */,
				342A278E24EF2E0100597E95 /* TagTypes.swift in Sources */,
				34345A932500540A008B4217 /* WebViewStateModel.swift in Sources */,
				345750F924F5C388009718C1 /* StoryView.swift in Sources */,
				3434206B24EEE26100905CC5 /* ItemImageView.swift in Sources */,
				3412742F24C8FC6F0049824D /* HomeViewModel.swift in Sources */,
				340D031A24CB308B000A128C /* StoryItem.swift in Sources */,
				3442C7862502B358008FAC3C /* Loader.swift in Sources */,
				34B57BB924D0AB0700BF40EB /* ItemMetadata.swift in Sources */,
				340D031424CB302B000A128C /* ItemType.swift in Sources */,
				3434C37924D850AB000A664D /* PlaceholderImageLoader.swift in Sources */,
				34A7A56E24CF43B300F9D761 /* Cache.swift in Sources */,
				34144B6924C757C10056ABF6 /* URLRequest+Init.swift in Sources */,
				34748FF624D1EA330053BB22 /* ImageRepository.swift in Sources */,
				3457DB0624D334F6009D616F /* ImageError.swift in Sources */,
				3434206D24EEEA6F00905CC5 /* ItemDetailView.swift in Sources */,
				34F354AF24CB3B720090EC9C /* Repository.swift in Sources */,
				340D032024CB30CB000A128C /* PollOptionItem.swift in Sources */,
				34D1374924C8D703002CA0EC /* SegmentView.swift in Sources */,
				3450C9C824C99BA3004AABB3 /* Segment.swift in Sources */,
				34AE837A24C75FA400BE8049 /* CustomSegmentedControl.swift in Sources */,
				340D032824CB317E000A128C /* ItemViewModel.swift in Sources */,
				340D031824CB3077000A128C /* JobItem.swift in Sources */,
				34144B7124C758C40056ABF6 /* StatusCodeCheckingTransport.swift in Sources */,
				349633F324C8B2560047CE77 /* BackgroundGeometryReader.swift in Sources */,
				340D031C24CB30A5000A128C /* CommentItem.swift in Sources */,
				34D1374524C8D42B002CA0EC /* SegmentedControl.swift in Sources */,
				349633F124C8B2340047CE77 /* SizePreferenceKey.swift in Sources */,
				3412742C24C8F6A90049824D /* URLSession+Transport.swift in Sources */,
				3434206F24EEEEDE00905CC5 /* ItemReloadView.swift in Sources */,
				3442C7832502AF15008FAC3C /* Menu.swift in Sources */,
				340D031E24CB30B5000A128C /* PollItem.swift in Sources */,
				34144B2D24C751E50056ABF6 /* HomeView.swift in Sources */,
				34144B6524C757340056ABF6 /* String+utility.swift in Sources */,
				3404DCCB24EC63AF00D34ACA /* ItemPlaceholderImage.swift in Sources */,
				3463DA6E2501A10200C3F25C /* BurgerButton.swift in Sources */,
				34EC2E3024F65F7700167A07 /* WebView.swift in Sources */,
				349633EE24C8B1690047CE77 /* ActiveSegmentView.swift in Sources */,
				3412743124C8FD180049824D /* SegmentViewModel.swift in Sources */,
				34144B6024C752ED0056ABF6 /* HTTPRequestMethod.swift in Sources */,
				345750FB24F5C5DF009718C1 /* StoryViewModel.swift in Sources */,
				34144B6224C753080056ABF6 /* Path.swift in Sources */,
				3434206724EEDCB000905CC5 /* ViewState.swift in Sources */,
				349633EB24C8A70D0047CE77 /* View+utility.swift in Sources */,
				340D032624CB3175000A128C /* ItemView.swift in Sources */,
				3463DA712501A4FF00C3F25C /* MenuButton.swift in Sources */,
				349633F524C8B26A0047CE77 /* SizeAwareModifier.swift in Sources */,
				340D032224CB30E4000A128C /* Item.swift in Sources */,
				3434206924EEDDDC00905CC5 /* ItemListView.swift in Sources */,
				34144B6E24C7583F0056ABF6 /* NetworkError.swift in Sources */,
				34144B2B24C751E50056ABF6 /* HackerNewsApp.swift in Sources */,
				340D031624CB305F000A128C /* ItemInterface.swift in Sources */,
				34BF61C924CF47A700236C65 /* ItemCache.swift in Sources */,
				34144B6B24C758130056ABF6 /* Transport.swift in Sources */,
				34BF61C724CF476900236C65 /* ItemRepository.swift in Sources */,
				34B57BB724D0AAEC00BF40EB /* ItemTitle.swift in Sources */,
				3434206424EED8F300905CC5 /* ErrorView.swift in Sources */,
			);
			runOnlyForDeploymentPostprocessing = 0;
		};
		34144B3424C751E60056ABF6 /* Sources */ = {
			isa = PBXSourcesBuildPhase;
			buildActionMask = 2147483647;
			files = (
				34144B3D24C751E60056ABF6 /* HackerNewsTests.swift in Sources */,
			);
			runOnlyForDeploymentPostprocessing = 0;
		};
		34144B3F24C751E60056ABF6 /* Sources */ = {
			isa = PBXSourcesBuildPhase;
			buildActionMask = 2147483647;
			files = (
				34144B4824C751E60056ABF6 /* HackerNewsUITests.swift in Sources */,
			);
			runOnlyForDeploymentPostprocessing = 0;
		};
/* End PBXSourcesBuildPhase section */

/* Begin PBXTargetDependency section */
		34144B3A24C751E60056ABF6 /* PBXTargetDependency */ = {
			isa = PBXTargetDependency;
			target = 34144B2624C751E50056ABF6 /* HackerNews */;
			targetProxy = 34144B3924C751E60056ABF6 /* PBXContainerItemProxy */;
		};
		34144B4524C751E60056ABF6 /* PBXTargetDependency */ = {
			isa = PBXTargetDependency;
			target = 34144B2624C751E50056ABF6 /* HackerNews */;
			targetProxy = 34144B4424C751E60056ABF6 /* PBXContainerItemProxy */;
		};
/* End PBXTargetDependency section */

/* Begin XCBuildConfiguration section */
		34144B4A24C751E60056ABF6 /* Debug */ = {
			isa = XCBuildConfiguration;
			buildSettings = {
				ALWAYS_SEARCH_USER_PATHS = NO;
				CLANG_ANALYZER_NONNULL = YES;
				CLANG_ANALYZER_NUMBER_OBJECT_CONVERSION = YES_AGGRESSIVE;
				CLANG_CXX_LANGUAGE_STANDARD = "gnu++14";
				CLANG_CXX_LIBRARY = "libc++";
				CLANG_ENABLE_MODULES = YES;
				CLANG_ENABLE_OBJC_ARC = YES;
				CLANG_ENABLE_OBJC_WEAK = YES;
				CLANG_WARN_BLOCK_CAPTURE_AUTORELEASING = YES;
				CLANG_WARN_BOOL_CONVERSION = YES;
				CLANG_WARN_COMMA = YES;
				CLANG_WARN_CONSTANT_CONVERSION = YES;
				CLANG_WARN_DEPRECATED_OBJC_IMPLEMENTATIONS = YES;
				CLANG_WARN_DIRECT_OBJC_ISA_USAGE = YES_ERROR;
				CLANG_WARN_DOCUMENTATION_COMMENTS = YES;
				CLANG_WARN_EMPTY_BODY = YES;
				CLANG_WARN_ENUM_CONVERSION = YES;
				CLANG_WARN_INFINITE_RECURSION = YES;
				CLANG_WARN_INT_CONVERSION = YES;
				CLANG_WARN_NON_LITERAL_NULL_CONVERSION = YES;
				CLANG_WARN_OBJC_IMPLICIT_RETAIN_SELF = YES;
				CLANG_WARN_OBJC_LITERAL_CONVERSION = YES;
				CLANG_WARN_OBJC_ROOT_CLASS = YES_ERROR;
				CLANG_WARN_QUOTED_INCLUDE_IN_FRAMEWORK_HEADER = YES;
				CLANG_WARN_RANGE_LOOP_ANALYSIS = YES;
				CLANG_WARN_STRICT_PROTOTYPES = YES;
				CLANG_WARN_SUSPICIOUS_MOVE = YES;
				CLANG_WARN_UNGUARDED_AVAILABILITY = YES_AGGRESSIVE;
				CLANG_WARN_UNREACHABLE_CODE = YES;
				CLANG_WARN__DUPLICATE_METHOD_MATCH = YES;
				COPY_PHASE_STRIP = NO;
				DEBUG_INFORMATION_FORMAT = dwarf;
				ENABLE_STRICT_OBJC_MSGSEND = YES;
				ENABLE_TESTABILITY = YES;
				GCC_C_LANGUAGE_STANDARD = gnu11;
				GCC_DYNAMIC_NO_PIC = NO;
				GCC_NO_COMMON_BLOCKS = YES;
				GCC_OPTIMIZATION_LEVEL = 0;
				GCC_PREPROCESSOR_DEFINITIONS = (
					"DEBUG=1",
					"$(inherited)",
				);
				GCC_WARN_64_TO_32_BIT_CONVERSION = YES;
				GCC_WARN_ABOUT_RETURN_TYPE = YES_ERROR;
				GCC_WARN_UNDECLARED_SELECTOR = YES;
				GCC_WARN_UNINITIALIZED_AUTOS = YES_AGGRESSIVE;
				GCC_WARN_UNUSED_FUNCTION = YES;
				GCC_WARN_UNUSED_VARIABLE = YES;
				IPHONEOS_DEPLOYMENT_TARGET = 14.0;
				MTL_ENABLE_DEBUG_INFO = INCLUDE_SOURCE;
				MTL_FAST_MATH = YES;
				ONLY_ACTIVE_ARCH = YES;
				SDKROOT = iphoneos;
				SWIFT_ACTIVE_COMPILATION_CONDITIONS = DEBUG;
				SWIFT_OPTIMIZATION_LEVEL = "-Onone";
			};
			name = Debug;
		};
		34144B4B24C751E60056ABF6 /* Release */ = {
			isa = XCBuildConfiguration;
			buildSettings = {
				ALWAYS_SEARCH_USER_PATHS = NO;
				CLANG_ANALYZER_NONNULL = YES;
				CLANG_ANALYZER_NUMBER_OBJECT_CONVERSION = YES_AGGRESSIVE;
				CLANG_CXX_LANGUAGE_STANDARD = "gnu++14";
				CLANG_CXX_LIBRARY = "libc++";
				CLANG_ENABLE_MODULES = YES;
				CLANG_ENABLE_OBJC_ARC = YES;
				CLANG_ENABLE_OBJC_WEAK = YES;
				CLANG_WARN_BLOCK_CAPTURE_AUTORELEASING = YES;
				CLANG_WARN_BOOL_CONVERSION = YES;
				CLANG_WARN_COMMA = YES;
				CLANG_WARN_CONSTANT_CONVERSION = YES;
				CLANG_WARN_DEPRECATED_OBJC_IMPLEMENTATIONS = YES;
				CLANG_WARN_DIRECT_OBJC_ISA_USAGE = YES_ERROR;
				CLANG_WARN_DOCUMENTATION_COMMENTS = YES;
				CLANG_WARN_EMPTY_BODY = YES;
				CLANG_WARN_ENUM_CONVERSION = YES;
				CLANG_WARN_INFINITE_RECURSION = YES;
				CLANG_WARN_INT_CONVERSION = YES;
				CLANG_WARN_NON_LITERAL_NULL_CONVERSION = YES;
				CLANG_WARN_OBJC_IMPLICIT_RETAIN_SELF = YES;
				CLANG_WARN_OBJC_LITERAL_CONVERSION = YES;
				CLANG_WARN_OBJC_ROOT_CLASS = YES_ERROR;
				CLANG_WARN_QUOTED_INCLUDE_IN_FRAMEWORK_HEADER = YES;
				CLANG_WARN_RANGE_LOOP_ANALYSIS = YES;
				CLANG_WARN_STRICT_PROTOTYPES = YES;
				CLANG_WARN_SUSPICIOUS_MOVE = YES;
				CLANG_WARN_UNGUARDED_AVAILABILITY = YES_AGGRESSIVE;
				CLANG_WARN_UNREACHABLE_CODE = YES;
				CLANG_WARN__DUPLICATE_METHOD_MATCH = YES;
				COPY_PHASE_STRIP = NO;
				DEBUG_INFORMATION_FORMAT = "dwarf-with-dsym";
				ENABLE_NS_ASSERTIONS = NO;
				ENABLE_STRICT_OBJC_MSGSEND = YES;
				GCC_C_LANGUAGE_STANDARD = gnu11;
				GCC_NO_COMMON_BLOCKS = YES;
				GCC_WARN_64_TO_32_BIT_CONVERSION = YES;
				GCC_WARN_ABOUT_RETURN_TYPE = YES_ERROR;
				GCC_WARN_UNDECLARED_SELECTOR = YES;
				GCC_WARN_UNINITIALIZED_AUTOS = YES_AGGRESSIVE;
				GCC_WARN_UNUSED_FUNCTION = YES;
				GCC_WARN_UNUSED_VARIABLE = YES;
				IPHONEOS_DEPLOYMENT_TARGET = 14.0;
				MTL_ENABLE_DEBUG_INFO = NO;
				MTL_FAST_MATH = YES;
				SDKROOT = iphoneos;
				SWIFT_COMPILATION_MODE = wholemodule;
				SWIFT_OPTIMIZATION_LEVEL = "-O";
				VALIDATE_PRODUCT = YES;
			};
			name = Release;
		};
		34144B4D24C751E60056ABF6 /* Debug */ = {
			isa = XCBuildConfiguration;
			buildSettings = {
				ASSETCATALOG_COMPILER_APPICON_NAME = AppIcon;
				ASSETCATALOG_COMPILER_GLOBAL_ACCENT_COLOR_NAME = AccentColor;
				CODE_SIGN_STYLE = Automatic;
				DEVELOPMENT_ASSET_PATHS = "\"HackerNews/Preview Content\"";
				DEVELOPMENT_TEAM = U7NWDQJYQA;
				ENABLE_PREVIEWS = YES;
				INFOPLIST_FILE = "HackerNews/Supporting Files/Info.plist";
				IPHONEOS_DEPLOYMENT_TARGET = 14.0;
				LD_RUNPATH_SEARCH_PATHS = (
					"$(inherited)",
					"@executable_path/Frameworks",
				);
				PRODUCT_BUNDLE_IDENTIFIER = lookwhatmattmade.HackerNews;
				PRODUCT_NAME = "$(TARGET_NAME)";
				SWIFT_VERSION = 5.0;
				TARGETED_DEVICE_FAMILY = "1,2";
			};
			name = Debug;
		};
		34144B4E24C751E60056ABF6 /* Release */ = {
			isa = XCBuildConfiguration;
			buildSettings = {
				ASSETCATALOG_COMPILER_APPICON_NAME = AppIcon;
				ASSETCATALOG_COMPILER_GLOBAL_ACCENT_COLOR_NAME = AccentColor;
				CODE_SIGN_STYLE = Automatic;
				DEVELOPMENT_ASSET_PATHS = "\"HackerNews/Preview Content\"";
				DEVELOPMENT_TEAM = U7NWDQJYQA;
				ENABLE_PREVIEWS = YES;
				INFOPLIST_FILE = "HackerNews/Supporting Files/Info.plist";
				IPHONEOS_DEPLOYMENT_TARGET = 14.0;
				LD_RUNPATH_SEARCH_PATHS = (
					"$(inherited)",
					"@executable_path/Frameworks",
				);
				PRODUCT_BUNDLE_IDENTIFIER = lookwhatmattmade.HackerNews;
				PRODUCT_NAME = "$(TARGET_NAME)";
				SWIFT_VERSION = 5.0;
				TARGETED_DEVICE_FAMILY = "1,2";
			};
			name = Release;
		};
		34144B5024C751E60056ABF6 /* Debug */ = {
			isa = XCBuildConfiguration;
			buildSettings = {
				ALWAYS_EMBED_SWIFT_STANDARD_LIBRARIES = YES;
				BUNDLE_LOADER = "$(TEST_HOST)";
				CODE_SIGN_STYLE = Automatic;
				DEVELOPMENT_TEAM = U7NWDQJYQA;
				INFOPLIST_FILE = HackerNewsTests/Info.plist;
				IPHONEOS_DEPLOYMENT_TARGET = 14.0;
				LD_RUNPATH_SEARCH_PATHS = (
					"$(inherited)",
					"@executable_path/Frameworks",
					"@loader_path/Frameworks",
				);
				PRODUCT_BUNDLE_IDENTIFIER = lookwhatmattmade.HackerNewsTests;
				PRODUCT_NAME = "$(TARGET_NAME)";
				SWIFT_VERSION = 5.0;
				TARGETED_DEVICE_FAMILY = "1,2";
				TEST_HOST = "$(BUILT_PRODUCTS_DIR)/HackerNews.app/HackerNews";
			};
			name = Debug;
		};
		34144B5124C751E60056ABF6 /* Release */ = {
			isa = XCBuildConfiguration;
			buildSettings = {
				ALWAYS_EMBED_SWIFT_STANDARD_LIBRARIES = YES;
				BUNDLE_LOADER = "$(TEST_HOST)";
				CODE_SIGN_STYLE = Automatic;
				DEVELOPMENT_TEAM = U7NWDQJYQA;
				INFOPLIST_FILE = HackerNewsTests/Info.plist;
				IPHONEOS_DEPLOYMENT_TARGET = 14.0;
				LD_RUNPATH_SEARCH_PATHS = (
					"$(inherited)",
					"@executable_path/Frameworks",
					"@loader_path/Frameworks",
				);
				PRODUCT_BUNDLE_IDENTIFIER = lookwhatmattmade.HackerNewsTests;
				PRODUCT_NAME = "$(TARGET_NAME)";
				SWIFT_VERSION = 5.0;
				TARGETED_DEVICE_FAMILY = "1,2";
				TEST_HOST = "$(BUILT_PRODUCTS_DIR)/HackerNews.app/HackerNews";
			};
			name = Release;
		};
		34144B5324C751E60056ABF6 /* Debug */ = {
			isa = XCBuildConfiguration;
			buildSettings = {
				ALWAYS_EMBED_SWIFT_STANDARD_LIBRARIES = YES;
				CODE_SIGN_STYLE = Automatic;
				DEVELOPMENT_TEAM = U7NWDQJYQA;
				INFOPLIST_FILE = HackerNewsUITests/Info.plist;
				LD_RUNPATH_SEARCH_PATHS = (
					"$(inherited)",
					"@executable_path/Frameworks",
					"@loader_path/Frameworks",
				);
				PRODUCT_BUNDLE_IDENTIFIER = lookwhatmattmade.HackerNewsUITests;
				PRODUCT_NAME = "$(TARGET_NAME)";
				SWIFT_VERSION = 5.0;
				TARGETED_DEVICE_FAMILY = "1,2";
				TEST_TARGET_NAME = HackerNews;
			};
			name = Debug;
		};
		34144B5424C751E60056ABF6 /* Release */ = {
			isa = XCBuildConfiguration;
			buildSettings = {
				ALWAYS_EMBED_SWIFT_STANDARD_LIBRARIES = YES;
				CODE_SIGN_STYLE = Automatic;
				DEVELOPMENT_TEAM = U7NWDQJYQA;
				INFOPLIST_FILE = HackerNewsUITests/Info.plist;
				LD_RUNPATH_SEARCH_PATHS = (
					"$(inherited)",
					"@executable_path/Frameworks",
					"@loader_path/Frameworks",
				);
				PRODUCT_BUNDLE_IDENTIFIER = lookwhatmattmade.HackerNewsUITests;
				PRODUCT_NAME = "$(TARGET_NAME)";
				SWIFT_VERSION = 5.0;
				TARGETED_DEVICE_FAMILY = "1,2";
				TEST_TARGET_NAME = HackerNews;
			};
			name = Release;
		};
/* End XCBuildConfiguration section */

/* Begin XCConfigurationList section */
		34144B2224C751E50056ABF6 /* Build configuration list for PBXProject "HackerNews" */ = {
			isa = XCConfigurationList;
			buildConfigurations = (
				34144B4A24C751E60056ABF6 /* Debug */,
				34144B4B24C751E60056ABF6 /* Release */,
			);
			defaultConfigurationIsVisible = 0;
			defaultConfigurationName = Release;
		};
		34144B4C24C751E60056ABF6 /* Build configuration list for PBXNativeTarget "HackerNews" */ = {
			isa = XCConfigurationList;
			buildConfigurations = (
				34144B4D24C751E60056ABF6 /* Debug */,
				34144B4E24C751E60056ABF6 /* Release */,
			);
			defaultConfigurationIsVisible = 0;
			defaultConfigurationName = Release;
		};
		34144B4F24C751E60056ABF6 /* Build configuration list for PBXNativeTarget "HackerNewsTests" */ = {
			isa = XCConfigurationList;
			buildConfigurations = (
				34144B5024C751E60056ABF6 /* Debug */,
				34144B5124C751E60056ABF6 /* Release */,
			);
			defaultConfigurationIsVisible = 0;
			defaultConfigurationName = Release;
		};
		34144B5224C751E60056ABF6 /* Build configuration list for PBXNativeTarget "HackerNewsUITests" */ = {
			isa = XCConfigurationList;
			buildConfigurations = (
				34144B5324C751E60056ABF6 /* Debug */,
				34144B5424C751E60056ABF6 /* Release */,
			);
			defaultConfigurationIsVisible = 0;
			defaultConfigurationName = Release;
		};
/* End XCConfigurationList section */

/* Begin XCRemoteSwiftPackageReference section */
		345A0EC924DB6B0000AA695C /* XCRemoteSwiftPackageReference "SwiftSoup" */ = {
			isa = XCRemoteSwiftPackageReference;
			repositoryURL = "https://github.com/scinfu/SwiftSoup.git";
			requirement = {
				kind = upToNextMajorVersion;
				minimumVersion = 2.3.2;
			};
		};
		34871627250157FB0005B6E7 /* XCRemoteSwiftPackageReference "Snap" */ = {
			isa = XCRemoteSwiftPackageReference;
			repositoryURL = "https://github.com/nerdsupremacist/Snap";
			requirement = {
				kind = upToNextMajorVersion;
				minimumVersion = 0.2.2;
			};
		};
/* End XCRemoteSwiftPackageReference section */

/* Begin XCSwiftPackageProductDependency section */
		345A0ECA24DB6B0000AA695C /* SwiftSoup */ = {
			isa = XCSwiftPackageProductDependency;
			package = 345A0EC924DB6B0000AA695C /* XCRemoteSwiftPackageReference "SwiftSoup" */;
			productName = SwiftSoup;
		};
		34871628250157FB0005B6E7 /* Snap */ = {
			isa = XCSwiftPackageProductDependency;
			package = 34871627250157FB0005B6E7 /* XCRemoteSwiftPackageReference "Snap" */;
			productName = Snap;
		};
/* End XCSwiftPackageProductDependency section */
	};
	rootObject = 34144B1F24C751E50056ABF6 /* Project object */;
}
